<Solution>
  <Folder Name="/src/">
    <Project Path="TechFin.Spotifin.Aplicacao/TechFin.Spotifin.Aplicacao.csproj" Id="4c1e1000-2595-4c11-b5a5-c9a82e9c20bd" />
    <Project Path="TechFin.Spotifin.Dominio/TechFin.Spotifin.Dominio.csproj" Id="dd330651-a8f9-44e2-9dd0-db26d32fd03e" />
    <Project Path="TechFin.Spotifin.Infra/TechFin.Spotifin.Infra.csproj" Id="fa529cdf-5081-49ef-981c-3b7edf138eb9" />
  </Folder>
  <Folder Name="/src/Shared/">
    <Project Path="TechFin.Spotifin.Contratos/TechFin.Spotifin.Contratos.csproj" Id="b435a3f6-fcea-485a-bba3-f243a27a2e00" />
  </Folder>
  <Folder Name="/src/Web/">
    <Project Path="TechFin.Spotifin.API/TechFin.Spotifin.API.csproj" Id="c31b0213-bbbc-42df-8b68-c8562df22d6f" />
  </Folder>
</Solution>
